
Microsoft Visual Studio Solution File, Format Version 12.00
# Visual Studio Version 17
VisualStudioVersion = 17.13.35825.156 d17.13
MinimumVisualStudioVersion = 10.0.40219.1
Project("{FAE04EC0-301F-11D3-BF4B-00C04F79EFBC}") = "JaztineBLabExam", "JaztineBLabExam\JaztineBLabExam.csproj", "{44EB1FB4-06CF-4A03-84B1-913A8F51CF42}"
EndProject
Global
	GlobalSection(SolutionConfigurationPlatforms) = preSolution
		Debug|Any CPU = Debug|Any CPU
		Release|Any CPU = Release|Any CPU
	EndGlobalSection
	GlobalSection(ProjectConfigurationPlatforms) = postSolution
		{44EB1FB4-06CF-4A03-84B1-913A8F51CF42}.Debug|Any CPU.ActiveCfg = Debug|Any CPU
		{44EB1FB4-06CF-4A03-84B1-913A8F51CF42}.Debug|Any CPU.Build.0 = Debug|Any CPU
		{44EB1FB4-06CF-4A03-84B1-913A8F51CF42}.Release|Any CPU.ActiveCfg = Release|Any CPU
		{44EB1FB4-06CF-4A03-84B1-913A8F51CF42}.Release|Any CPU.Build.0 = Release|Any CPU
	EndGlobalSection
	GlobalSection(SolutionProperties) = preSolution
		HideSolutionNode = FALSE
	EndGlobalSection
	GlobalSection(ExtensibilityGlobals) = postSolution
		SolutionGuid = {FAA15072-BBF6-405F-94CB-B837FAF8E807}
	EndGlobalSection
EndGlobal
